
Microsoft Visual Studio Solution File, Format Version 12.00
# Visual Studio Version 17
VisualStudioVersion = 17.14.36518.9 d17.14
MinimumVisualStudioVersion = 10.0.40219.1
Project("{2150E333-8FDC-42A3-9474-1A3956D46DE8}") = "Task0", "Task0", "{02EA681E-C7D8-13C7-8484-4AC65E1B71E8}"
EndProject
Project("{FAE04EC0-301F-11D3-BF4B-00C04F79EFBC}") = "Tyuiu.VolkovNS.Sprint4.Task0.V1", "Tyuiu.VolkovNS.Sprint4.Task0.V1\Tyuiu.VolkovNS.Sprint4.Task0.V1.csproj", "{0A54ACC9-834F-4923-89F8-BD6EF47998DB}"
EndProject
Project("{FAE04EC0-301F-11D3-BF4B-00C04F79EFBC}") = "Tyuiu.VolkovNS.Sprint4.Task0.V1.Lib", "Tyuiu.VolkovNS.Sprint4.Task0.V1.Lib\Tyuiu.VolkovNS.Sprint4.Task0.V1.Lib.csproj", "{55FE65AE-FB6D-40DE-9315-08E26EB77471}"
EndProject
Project("{FAE04EC0-301F-11D3-BF4B-00C04F79EFBC}") = "Tyuiu.VolkovNS.Sprint4.Task0.V1.Test", "Tyuiu.VolkovNS.Sprint4.Task0.V1.Test\Tyuiu.VolkovNS.Sprint4.Task0.V1.Test.csproj", "{5411F0AE-36CB-4E02-A78F-CFA27F20BB85}"
EndProject
Project("{2150E333-8FDC-42A3-9474-1A3956D46DE8}") = "Task1", "Task1", "{7AB24310-228A-4D59-8962-D95F78768B98}"
EndProject
Project("{FAE04EC0-301F-11D3-BF4B-00C04F79EFBC}") = "Tyuiu.VolkovNS.Sprint4.Task1.V6", "Tyuiu.VolkovNS.Sprint4.Task1.V6\Tyuiu.VolkovNS.Sprint4.Task1.V6.csproj", "{FFFB2C1A-A457-438C-99A1-A04A94A4669D}"
EndProject
Project("{FAE04EC0-301F-11D3-BF4B-00C04F79EFBC}") = "Tyuiu.VolkovNS.Sprint4.Task1.V6.Test", "Tyuiu.VolkovNS.Sprint4.Task1.V6.Test\Tyuiu.VolkovNS.Sprint4.Task1.V6.Test.csproj", "{C412EBC4-C85B-4CF1-A012-AF0A0A5A8856}"
EndProject
Project("{FAE04EC0-301F-11D3-BF4B-00C04F79EFBC}") = "Tyuiu.VolkovNS.Sprint4.Task1.V6.Lib", "Tyuiu.VolkovNS.Sprint4.Task1.V6.Lib\Tyuiu.VolkovNS.Sprint4.Task1.V6.Lib.csproj", "{B1CBC3C9-9FB2-4375-AC4D-C1DF60A5BE18}"
EndProject
Project("{2150E333-8FDC-42A3-9474-1A3956D46DE8}") = "Task2", "Task2", "{AAC34750-5559-44DD-B416-F4F30F8E6849}"
EndProject
Project("{FAE04EC0-301F-11D3-BF4B-00C04F79EFBC}") = "Tyuiu.VolkovNS.Sprint4.Task2.V22", "Tyuiu.VolkovNS.Sprint4.Task2.V22\Tyuiu.VolkovNS.Sprint4.Task2.V22.csproj", "{370FE08D-F3D7-463A-8C98-8DEF21458DB0}"
EndProject
Project("{FAE04EC0-301F-11D3-BF4B-00C04F79EFBC}") = "Tyuiu.VolkovNS.Sprint4.Task2.V22.Lib", "Tyuiu.VolkovNS.Sprint4.Task2.V22.Lib\Tyuiu.VolkovNS.Sprint4.Task2.V22.Lib.csproj", "{C456C4E4-1279-46D8-B923-F286ED98C518}"
EndProject
Project("{FAE04EC0-301F-11D3-BF4B-00C04F79EFBC}") = "Tyuiu.VolkovNS.Sprint4.Task2.V22.Test", "Tyuiu.VolkovNS.Sprint4.Task2.V22.Test\Tyuiu.VolkovNS.Sprint4.Task2.V22.Test.csproj", "{0E07805E-8F07-4299-94ED-9EADE3B3E51C}"
EndProject
Project("{2150E333-8FDC-42A3-9474-1A3956D46DE8}") = "Task3", "Task3", "{DD18991A-C241-460A-8DCD-1BF4F16F45E2}"
EndProject
Project("{FAE04EC0-301F-11D3-BF4B-00C04F79EFBC}") = "Tyuiu.VolkovNS.Sprint4.Task3.V20", "Tyuiu.VolkovNS.Sprint4.Task3.V20\Tyuiu.VolkovNS.Sprint4.Task3.V20.csproj", "{345047A1-64C1-4432-8AD8-FFC25D3612E5}"
EndProject
Project("{FAE04EC0-301F-11D3-BF4B-00C04F79EFBC}") = "Tyuiu.VolkovNS.Sprint4.Task3.V20.Test", "Tyuiu.VolkovNS.Sprint4.Task3.V20.Test\Tyuiu.VolkovNS.Sprint4.Task3.V20.Test.csproj", "{830CEC80-41BB-4D25-8FC4-D76C4D8DEC21}"
EndProject
Project("{FAE04EC0-301F-11D3-BF4B-00C04F79EFBC}") = "Tyuiu.VolkovNS.Sprint4.Task3.V20.Lib", "Tyuiu.VolkovNS.Sprint4.Task3.V20.Lib\Tyuiu.VolkovNS.Sprint4.Task3.V20.Lib.csproj", "{D1BA6816-BE34-44D8-BAFF-D3F8A358628D}"
EndProject
Project("{2150E333-8FDC-42A3-9474-1A3956D46DE8}") = "Task4", "Task4", "{476CCCCC-D3B4-456E-9888-5E4CF678A028}"
EndProject
Project("{FAE04EC0-301F-11D3-BF4B-00C04F79EFBC}") = "Tyuiu.VolkovNS.Sprint4.Task4.V11", "Tyuiu.VolkovNS.Sprint4.Task4.V11\Tyuiu.VolkovNS.Sprint4.Task4.V11.csproj", "{1296A18F-4F09-4833-AA2E-51212C8F925E}"
EndProject
Project("{FAE04EC0-301F-11D3-BF4B-00C04F79EFBC}") = "Tyuiu.VolkovNS.Sprint4.Task4.V11.Lib", "Tyuiu.VolkovNS.Sprint4.Task4.V11.Lib\Tyuiu.VolkovNS.Sprint4.Task4.V11.Lib.csproj", "{5C451F99-9121-45C8-97DE-5147E2763A8E}"
EndProject
Project("{FAE04EC0-301F-11D3-BF4B-00C04F79EFBC}") = "Tyuiu.VolkovNS.Sprint4.Task4.V11.Test", "Tyuiu.VolkovNS.Sprint4.Task4.V11.Test\Tyuiu.VolkovNS.Sprint4.Task4.V11.Test.csproj", "{65DAA17C-59EB-477C-8EF7-75B7AFFC136F}"
EndProject
Global
	GlobalSection(SolutionConfigurationPlatforms) = preSolution
		Debug|Any CPU = Debug|Any CPU
		Release|Any CPU = Release|Any CPU
	EndGlobalSection
	GlobalSection(ProjectConfigurationPlatforms) = postSolution
		{0A54ACC9-834F-4923-89F8-BD6EF47998DB}.Debug|Any CPU.ActiveCfg = Debug|Any CPU
		{0A54ACC9-834F-4923-89F8-BD6EF47998DB}.Debug|Any CPU.Build.0 = Debug|Any CPU
		{0A54ACC9-834F-4923-89F8-BD6EF47998DB}.Release|Any CPU.ActiveCfg = Release|Any CPU
		{0A54ACC9-834F-4923-89F8-BD6EF47998DB}.Release|Any CPU.Build.0 = Release|Any CPU
		{55FE65AE-FB6D-40DE-9315-08E26EB77471}.Debug|Any CPU.ActiveCfg = Debug|Any CPU
		{55FE65AE-FB6D-40DE-9315-08E26EB77471}.Debug|Any CPU.Build.0 = Debug|Any CPU
		{55FE65AE-FB6D-40DE-9315-08E26EB77471}.Release|Any CPU.ActiveCfg = Release|Any CPU
		{55FE65AE-FB6D-40DE-9315-08E26EB77471}.Release|Any CPU.Build.0 = Release|Any CPU
		{5411F0AE-36CB-4E02-A78F-CFA27F20BB85}.Debug|Any CPU.ActiveCfg = Debug|Any CPU
		{5411F0AE-36CB-4E02-A78F-CFA27F20BB85}.Debug|Any CPU.Build.0 = Debug|Any CPU
		{5411F0AE-36CB-4E02-A78F-CFA27F20BB85}.Release|Any CPU.ActiveCfg = Release|Any CPU
		{5411F0AE-36CB-4E02-A78F-CFA27F20BB85}.Release|Any CPU.Build.0 = Release|Any CPU
		{FFFB2C1A-A457-438C-99A1-A04A94A4669D}.Debug|Any CPU.ActiveCfg = Debug|Any CPU
		{FFFB2C1A-A457-438C-99A1-A04A94A4669D}.Debug|Any CPU.Build.0 = Debug|Any CPU
		{FFFB2C1A-A457-438C-99A1-A04A94A4669D}.Release|Any CPU.ActiveCfg = Release|Any CPU
		{FFFB2C1A-A457-438C-99A1-A04A94A4669D}.Release|Any CPU.Build.0 = Release|Any CPU
		{C412EBC4-C85B-4CF1-A012-AF0A0A5A8856}.Debug|Any CPU.ActiveCfg = Debug|Any CPU
		{C412EBC4-C85B-4CF1-A012-AF0A0A5A8856}.Debug|Any CPU.Build.0 = Debug|Any CPU
		{C412EBC4-C85B-4CF1-A012-AF0A0A5A8856}.Release|Any CPU.ActiveCfg = Release|Any CPU
		{C412EBC4-C85B-4CF1-A012-AF0A0A5A8856}.Release|Any CPU.Build.0 = Release|Any CPU
		{B1CBC3C9-9FB2-4375-AC4D-C1DF60A5BE18}.Debug|Any CPU.ActiveCfg = Debug|Any CPU
		{B1CBC3C9-9FB2-4375-AC4D-C1DF60A5BE18}.Debug|Any CPU.Build.0 = Debug|Any CPU
		{B1CBC3C9-9FB2-4375-AC4D-C1DF60A5BE18}.Release|Any CPU.ActiveCfg = Release|Any CPU
		{B1CBC3C9-9FB2-4375-AC4D-C1DF60A5BE18}.Release|Any CPU.Build.0 = Release|Any CPU
		{370FE08D-F3D7-463A-8C98-8DEF21458DB0}.Debug|Any CPU.ActiveCfg = Debug|Any CPU
		{370FE08D-F3D7-463A-8C98-8DEF21458DB0}.Debug|Any CPU.Build.0 = Debug|Any CPU
		{370FE08D-F3D7-463A-8C98-8DEF21458DB0}.Release|Any CPU.ActiveCfg = Release|Any CPU
		{370FE08D-F3D7-463A-8C98-8DEF21458DB0}.Release|Any CPU.Build.0 = Release|Any CPU
		{C456C4E4-1279-46D8-B923-F286ED98C518}.Debug|Any CPU.ActiveCfg = Debug|Any CPU
		{C456C4E4-1279-46D8-B923-F286ED98C518}.Debug|Any CPU.Build.0 = Debug|Any CPU
		{C456C4E4-1279-46D8-B923-F286ED98C518}.Release|Any CPU.ActiveCfg = Release|Any CPU
		{C456C4E4-1279-46D8-B923-F286ED98C518}.Release|Any CPU.Build.0 = Release|Any CPU
		{0E07805E-8F07-4299-94ED-9EADE3B3E51C}.Debug|Any CPU.ActiveCfg = Debug|Any CPU
		{0E07805E-8F07-4299-94ED-9EADE3B3E51C}.Debug|Any CPU.Build.0 = Debug|Any CPU
		{0E07805E-8F07-4299-94ED-9EADE3B3E51C}.Release|Any CPU.ActiveCfg = Release|Any CPU
		{0E07805E-8F07-4299-94ED-9EADE3B3E51C}.Release|Any CPU.Build.0 = Release|Any CPU
		{345047A1-64C1-4432-8AD8-FFC25D3612E5}.Debug|Any CPU.ActiveCfg = Debug|Any CPU
		{345047A1-64C1-4432-8AD8-FFC25D3612E5}.Debug|Any CPU.Build.0 = Debug|Any CPU
		{345047A1-64C1-4432-8AD8-FFC25D3612E5}.Release|Any CPU.ActiveCfg = Release|Any CPU
		{345047A1-64C1-4432-8AD8-FFC25D3612E5}.Release|Any CPU.Build.0 = Release|Any CPU
		{830CEC80-41BB-4D25-8FC4-D76C4D8DEC21}.Debug|Any CPU.ActiveCfg = Debug|Any CPU
		{830CEC80-41BB-4D25-8FC4-D76C4D8DEC21}.Debug|Any CPU.Build.0 = Debug|Any CPU
		{830CEC80-41BB-4D25-8FC4-D76C4D8DEC21}.Release|Any CPU.ActiveCfg = Release|Any CPU
		{830CEC80-41BB-4D25-8FC4-D76C4D8DEC21}.Release|Any CPU.Build.0 = Release|Any CPU
		{D1BA6816-BE34-44D8-BAFF-D3F8A358628D}.Debug|Any CPU.ActiveCfg = Debug|Any CPU
		{D1BA6816-BE34-44D8-BAFF-D3F8A358628D}.Debug|Any CPU.Build.0 = Debug|Any CPU
		{D1BA6816-BE34-44D8-BAFF-D3F8A358628D}.Release|Any CPU.ActiveCfg = Release|Any CPU
		{D1BA6816-BE34-44D8-BAFF-D3F8A358628D}.Release|Any CPU.Build.0 = Release|Any CPU
		{1296A18F-4F09-4833-AA2E-51212C8F925E}.Debug|Any CPU.ActiveCfg = Debug|Any CPU
		{1296A18F-4F09-4833-AA2E-51212C8F925E}.Debug|Any CPU.Build.0 = Debug|Any CPU
		{1296A18F-4F09-4833-AA2E-51212C8F925E}.Release|Any CPU.ActiveCfg = Release|Any CPU
		{1296A18F-4F09-4833-AA2E-51212C8F925E}.Release|Any CPU.Build.0 = Release|Any CPU
		{5C451F99-9121-45C8-97DE-5147E2763A8E}.Debug|Any CPU.ActiveCfg = Debug|Any CPU
		{5C451F99-9121-45C8-97DE-5147E2763A8E}.Debug|Any CPU.Build.0 = Debug|Any CPU
		{5C451F99-9121-45C8-97DE-5147E2763A8E}.Release|Any CPU.ActiveCfg = Release|Any CPU
		{5C451F99-9121-45C8-97DE-5147E2763A8E}.Release|Any CPU.Build.0 = Release|Any CPU
		{65DAA17C-59EB-477C-8EF7-75B7AFFC136F}.Debug|Any CPU.ActiveCfg = Debug|Any CPU
		{65DAA17C-59EB-477C-8EF7-75B7AFFC136F}.Debug|Any CPU.Build.0 = Debug|Any CPU
		{65DAA17C-59EB-477C-8EF7-75B7AFFC136F}.Release|Any CPU.ActiveCfg = Release|Any CPU
		{65DAA17C-59EB-477C-8EF7-75B7AFFC136F}.Release|Any CPU.Build.0 = Release|Any CPU
	EndGlobalSection
	GlobalSection(SolutionProperties) = preSolution
		HideSolutionNode = FALSE
	EndGlobalSection
	GlobalSection(NestedProjects) = preSolution
		{0A54ACC9-834F-4923-89F8-BD6EF47998DB} = {02EA681E-C7D8-13C7-8484-4AC65E1B71E8}
		{55FE65AE-FB6D-40DE-9315-08E26EB77471} = {02EA681E-C7D8-13C7-8484-4AC65E1B71E8}
		{5411F0AE-36CB-4E02-A78F-CFA27F20BB85} = {02EA681E-C7D8-13C7-8484-4AC65E1B71E8}
		{FFFB2C1A-A457-438C-99A1-A04A94A4669D} = {7AB24310-228A-4D59-8962-D95F78768B98}
		{C412EBC4-C85B-4CF1-A012-AF0A0A5A8856} = {7AB24310-228A-4D59-8962-D95F78768B98}
		{B1CBC3C9-9FB2-4375-AC4D-C1DF60A5BE18} = {7AB24310-228A-4D59-8962-D95F78768B98}
		{370FE08D-F3D7-463A-8C98-8DEF21458DB0} = {AAC34750-5559-44DD-B416-F4F30F8E6849}
		{C456C4E4-1279-46D8-B923-F286ED98C518} = {AAC34750-5559-44DD-B416-F4F30F8E6849}
		{0E07805E-8F07-4299-94ED-9EADE3B3E51C} = {AAC34750-5559-44DD-B416-F4F30F8E6849}
		{345047A1-64C1-4432-8AD8-FFC25D3612E5} = {DD18991A-C241-460A-8DCD-1BF4F16F45E2}
		{830CEC80-41BB-4D25-8FC4-D76C4D8DEC21} = {DD18991A-C241-460A-8DCD-1BF4F16F45E2}
		{D1BA6816-BE34-44D8-BAFF-D3F8A358628D} = {DD18991A-C241-460A-8DCD-1BF4F16F45E2}
		{1296A18F-4F09-4833-AA2E-51212C8F925E} = {476CCCCC-D3B4-456E-9888-5E4CF678A028}
		{5C451F99-9121-45C8-97DE-5147E2763A8E} = {476CCCCC-D3B4-456E-9888-5E4CF678A028}
		{65DAA17C-59EB-477C-8EF7-75B7AFFC136F} = {476CCCCC-D3B4-456E-9888-5E4CF678A028}
	EndGlobalSection
	GlobalSection(ExtensibilityGlobals) = postSolution
		SolutionGuid = {B820A3E9-61AC-4C8A-84DA-6F5BB916F9D9}
	EndGlobalSection
EndGlobal
