
Microsoft Visual Studio Solution File, Format Version 12.00
# Visual Studio Version 17
VisualStudioVersion = 17.14.36518.9 d17.14
MinimumVisualStudioVersion = 10.0.40219.1
Project("{2150E333-8FDC-42A3-9474-1A3956D46DE8}") = "Task0", "Task0", "{02EA681E-C7D8-13C7-8484-4AC65E1B71E8}"
EndProject
Project("{FAE04EC0-301F-11D3-BF4B-00C04F79EFBC}") = "Tyuiu.VolkovNS.Sprint4.Task0.V1", "Tyuiu.VolkovNS.Sprint4.Task0.V1\Tyuiu.VolkovNS.Sprint4.Task0.V1.csproj", "{0A54ACC9-834F-4923-89F8-BD6EF47998DB}"
EndProject
Project("{FAE04EC0-301F-11D3-BF4B-00C04F79EFBC}") = "Tyuiu.VolkovNS.Sprint4.Task0.V1.Lib", "Tyuiu.VolkovNS.Sprint4.Task0.V1.Lib\Tyuiu.VolkovNS.Sprint4.Task0.V1.Lib.csproj", "{55FE65AE-FB6D-40DE-9315-08E26EB77471}"
EndProject
Project("{FAE04EC0-301F-11D3-BF4B-00C04F79EFBC}") = "Tyuiu.VolkovNS.Sprint4.Task0.V1.Test", "Tyuiu.VolkovNS.Sprint4.Task0.V1.Test\Tyuiu.VolkovNS.Sprint4.Task0.V1.Test.csproj", "{5411F0AE-36CB-4E02-A78F-CFA27F20BB85}"
EndProject
Global
	GlobalSection(SolutionConfigurationPlatforms) = preSolution
		Debug|Any CPU = Debug|Any CPU
		Release|Any CPU = Release|Any CPU
	EndGlobalSection
	GlobalSection(ProjectConfigurationPlatforms) = postSolution
		{0A54ACC9-834F-4923-89F8-BD6EF47998DB}.Debug|Any CPU.ActiveCfg = Debug|Any CPU
		{0A54ACC9-834F-4923-89F8-BD6EF47998DB}.Debug|Any CPU.Build.0 = Debug|Any CPU
		{0A54ACC9-834F-4923-89F8-BD6EF47998DB}.Release|Any CPU.ActiveCfg = Release|Any CPU
		{0A54ACC9-834F-4923-89F8-BD6EF47998DB}.Release|Any CPU.Build.0 = Release|Any CPU
		{55FE65AE-FB6D-40DE-9315-08E26EB77471}.Debug|Any CPU.ActiveCfg = Debug|Any CPU
		{55FE65AE-FB6D-40DE-9315-08E26EB77471}.Debug|Any CPU.Build.0 = Debug|Any CPU
		{55FE65AE-FB6D-40DE-9315-08E26EB77471}.Release|Any CPU.ActiveCfg = Release|Any CPU
		{55FE65AE-FB6D-40DE-9315-08E26EB77471}.Release|Any CPU.Build.0 = Release|Any CPU
		{5411F0AE-36CB-4E02-A78F-CFA27F20BB85}.Debug|Any CPU.ActiveCfg = Debug|Any CPU
		{5411F0AE-36CB-4E02-A78F-CFA27F20BB85}.Debug|Any CPU.Build.0 = Debug|Any CPU
		{5411F0AE-36CB-4E02-A78F-CFA27F20BB85}.Release|Any CPU.ActiveCfg = Release|Any CPU
		{5411F0AE-36CB-4E02-A78F-CFA27F20BB85}.Release|Any CPU.Build.0 = Release|Any CPU
	EndGlobalSection
	GlobalSection(SolutionProperties) = preSolution
		HideSolutionNode = FALSE
	EndGlobalSection
	GlobalSection(NestedProjects) = preSolution
		{0A54ACC9-834F-4923-89F8-BD6EF47998DB} = {02EA681E-C7D8-13C7-8484-4AC65E1B71E8}
		{55FE65AE-FB6D-40DE-9315-08E26EB77471} = {02EA681E-C7D8-13C7-8484-4AC65E1B71E8}
		{5411F0AE-36CB-4E02-A78F-CFA27F20BB85} = {02EA681E-C7D8-13C7-8484-4AC65E1B71E8}
	EndGlobalSection
	GlobalSection(ExtensibilityGlobals) = postSolution
		SolutionGuid = {B820A3E9-61AC-4C8A-84DA-6F5BB916F9D9}
	EndGlobalSection
EndGlobal
